devDependencies:
  '@types/chalk': 2.2.0
  '@types/node': 14.11.7
  chalk: 4.1.0
  prettydiff: 101.2.6
  ts-node: 9.0.0_typescript@4.1.0-beta
  typescript: 4.1.0-beta
lockfileVersion: 5.1
packages:
  /@types/chalk/2.2.0:
    dependencies:
      chalk: 4.1.0
    deprecated: 'This is a stub types definition for chalk (https://github.com/chalk/chalk). chalk provides its own type definitions, so you don''t need @types/chalk installed!'
    dev: true
    resolution:
      integrity: sha512-1zzPV9FDe1I/WHhRkf9SNgqtRJWZqrBWgu7JGveuHmmyR9CnAPCie2N/x+iHrgnpYBIcCJWHBoMRv2TRWktsvw==
  /@types/node/12.12.66:
    dev: true
    resolution:
      integrity: sha512-VwJbrfz53hQo/3uUhan/ZQJD9AQSSbmODtbtFhPmT07KTIp9zw2dVZhoV0TezZv2NZMuFdKHY6z9SosB4Vtj3A==
  /@types/node/14.11.7:
    dev: true
    resolution:
      integrity: sha512-hSEXknS4KiayUdZ7401J/T6eykXHJkDEipnyQMJ4/GstK4kWjbHnwXlcpvIWfPKiEH1JU96DkbzJ1nHRmpmKLw==
  /ansi-styles/4.3.0:
    dependencies:
      color-convert: 2.0.1
    dev: true
    engines:
      node: '>=8'
    resolution:
      integrity: sha512-zbB9rCJAT1rbjiVDb2hqKFHNYLxgtk8NURxZ3IZwD3F6NtxbXZQCnnSi1Lkx+IDohdPlFp222wVALIheZJQSEg==
  /arg/4.1.3:
    dev: true
    resolution:
      integrity: sha512-58S9QDqG0Xx27YwPSt9fJxivjYl432YCwfDMfZ+71RAqUrZef7LrKQZ3LHLOwCS4FLNBplP533Zx895SeOCHvA==
  /buffer-from/1.1.1:
    dev: true
    resolution:
      integrity: sha512-MQcXEUbCKtEo7bhqEs6560Hyd4XaovZlO/k9V3hjVUF/zwW7KBVdSK4gIt/bzwS9MbR5qob+F5jusZsb0YQK2A==
  /chalk/4.1.0:
    dependencies:
      ansi-styles: 4.3.0
      supports-color: 7.2.0
    dev: true
    engines:
      node: '>=10'
    resolution:
      integrity: sha512-qwx12AxXe2Q5xQ43Ac//I6v5aXTipYrSESdOgzrN+9XjgEpyjpKuvSGaN4qE93f7TQTlerQQ8S+EQ0EyDoVL1A==
  /color-convert/2.0.1:
    dependencies:
      color-name: 1.1.4
    dev: true
    engines:
      node: '>=7.0.0'
    resolution:
      integrity: sha512-RRECPsj7iu/xb5oKYcsFHSppFNnsj/52OVTRKb4zP5onXwVF3zVmmToNcOfGC+CRDpfK/U584fMg38ZHCaElKQ==
  /color-name/1.1.4:
    dev: true
    resolution:
      integrity: sha512-dOy+3AuW3a2wNbZHIuMZpTcgjGuLU/uBL/ubcZF9OXbDo8ff4O8yVp5Bf0efS8uEoYo5q4Fx7dY9OgQGXgAsQA==
  /diff/4.0.2:
    dev: true
    engines:
      node: '>=0.3.1'
    resolution:
      integrity: sha512-58lmxKSA4BNyLz+HHMUzlOEpg09FV+ev6ZMe3vJihgdxzgcwZ8VoEEPmALCZG9LmqfVoNMMKpttIYTVG6uDY7A==
  /file-saver/2.0.2:
    dev: true
    resolution:
      integrity: sha512-Wz3c3XQ5xroCxd1G8b7yL0Ehkf0TC9oYC6buPFkNnU9EnaPlifeAFCyCh+iewXTyFRcg0a6j3J7FmJsIhlhBdw==
  /has-flag/4.0.0:
    dev: true
    engines:
      node: '>=8'
    resolution:
      integrity: sha512-EykJT/Q1KjTWctppgIAgfSO0tKVuZUjhgMr17kqTumMl6Afv3EISleU7qZUzoXDFTAHTDC4NOoG/ZxU3EvlMPQ==
  /make-error/1.3.6:
    dev: true
    resolution:
      integrity: sha512-s8UhlNe7vPKomQhC1qFelMokr/Sc3AgNbso3n74mVPA5LTZwkB9NlXf4XPamLxJE8h0gh73rM94xvwRT2CVInw==
  /prettydiff/101.2.6:
    dependencies:
      '@types/node': 12.12.66
      file-saver: 2.0.2
      sparser: 1.4.12
    dev: true
    hasBin: true
    resolution:
      integrity: sha512-/fJ33pQ8MPI7+IB8fo/lOMR58CE/4GYNZRtjcQiPYmGNMo1HS9KmaybYdtEnfmx5EOSe/ch3Sg2fJ8YkNKb/XQ==
  /source-map-support/0.5.19:
    dependencies:
      buffer-from: 1.1.1
      source-map: 0.6.1
    dev: true
    resolution:
      integrity: sha512-Wonm7zOCIJzBGQdB+thsPar0kYuCIzYvxZwlBa87yi/Mdjv7Tip2cyVbLj5o0cFPN4EVkuTwb3GDDyUx2DGnGw==
  /source-map/0.6.1:
    dev: true
    engines:
      node: '>=0.10.0'
    resolution:
      integrity: sha512-UjgapumWlbMhkBgzT7Ykc5YXUT46F0iKu8SGXq0bcwP5dz/h0Plj6enJqjz1Zbq2l5WaqYnrVbwWOWMyF3F47g==
  /sparser/1.4.12:
    dependencies:
      '@types/node': 12.12.66
    dev: true
    resolution:
      integrity: sha512-qxDcacCuwHbvsf803PpZuETRI1pU8NAmLbyzZqFHPW7QjPK9pnCoX9ZPPbOMyiti6EOocfYzqzDPWj4fICXNzw==
  /supports-color/7.2.0:
    dependencies:
      has-flag: 4.0.0
    dev: true
    engines:
      node: '>=8'
    resolution:
      integrity: sha512-qpCAvRl9stuOHveKsn7HncJRvv501qIacKzQlO/+Lwxc9+0q2wLyv4Dfvt80/DPn2pqOBsJdDiogXGR9+OvwRw==
  /ts-node/9.0.0_typescript@4.1.0-beta:
    dependencies:
      arg: 4.1.3
      diff: 4.0.2
      make-error: 1.3.6
      source-map-support: 0.5.19
      typescript: 4.1.0-beta
      yn: 3.1.1
    dev: true
    engines:
      node: '>=10.0.0'
    hasBin: true
    peerDependencies:
      typescript: '>=2.7'
    resolution:
      integrity: sha512-/TqB4SnererCDR/vb4S/QvSZvzQMJN8daAslg7MeaiHvD8rDZsSfXmNeNumyZZzMned72Xoq/isQljYSt8Ynfg==
  /typescript/4.1.0-beta:
    dev: true
    engines:
      node: '>=4.2.0'
    hasBin: true
    resolution:
      integrity: sha512-b/LAttdVl3G6FEmnMkDsK0xvfvaftXpSKrjXn+OVCRqrwz5WD/6QJOiN+dTorqDY+hkaH+r2gP5wI1jBDmdQ7A==
  /yn/3.1.1:
    dev: true
    engines:
      node: '>=6'
    resolution:
      integrity: sha512-Ux4ygGWsu2c7isFWe8Yu1YluJmqVhxqK2cLXNQA5AcC3QfbGNpM7fu0Y8b/z16pXLnFxZYvWhd3fhBY9DLmC6Q==
specifiers:
  '@types/chalk': ^2.2.0
  '@types/node': ^14.11.7
  chalk: ^4.1.0
  prettydiff: ^101.2.6
  ts-node: ^9.0.0
  typescript: ^4.1.0-beta
